
Microsoft Visual Studio Solution File, Format Version 12.00
# Visual Studio Version 16
VisualStudioVersion = 16.0.31729.503
MinimumVisualStudioVersion = 10.0.40219.1
Project("{9A19103F-16F7-4668-BE54-9A1E7A4F7556}") = "Exam_ASP_NET", "Exam_ASP_NET.csproj", "{D6FEEA22-19F0-4C56-A7C8-D4868D112B1E}"
EndProject
Project("{FAE04EC0-301F-11D3-BF4B-00C04F79EFBC}") = "ReplicaData", "..\ReplicaData\ReplicaData.csproj", "{FE288351-0247-4991-9C78-8AD10F9440B7}"
EndProject
Project("{FAE04EC0-301F-11D3-BF4B-00C04F79EFBC}") = "Utilities", "..\Utilities\Utilities.csproj", "{2CB959D1-48F7-4F66-B114-751249CBDEBE}"
EndProject
Global
	GlobalSection(SolutionConfigurationPlatforms) = preSolution
		Debug|Any CPU = Debug|Any CPU
		Release|Any CPU = Release|Any CPU
	EndGlobalSection
	GlobalSection(ProjectConfigurationPlatforms) = postSolution
		{D6FEEA22-19F0-4C56-A7C8-D4868D112B1E}.Debug|Any CPU.ActiveCfg = Debug|Any CPU
		{D6FEEA22-19F0-4C56-A7C8-D4868D112B1E}.Debug|Any CPU.Build.0 = Debug|Any CPU
		{D6FEEA22-19F0-4C56-A7C8-D4868D112B1E}.Release|Any CPU.ActiveCfg = Release|Any CPU
		{D6FEEA22-19F0-4C56-A7C8-D4868D112B1E}.Release|Any CPU.Build.0 = Release|Any CPU
		{FE288351-0247-4991-9C78-8AD10F9440B7}.Debug|Any CPU.ActiveCfg = Debug|Any CPU
		{FE288351-0247-4991-9C78-8AD10F9440B7}.Debug|Any CPU.Build.0 = Debug|Any CPU
		{FE288351-0247-4991-9C78-8AD10F9440B7}.Release|Any CPU.ActiveCfg = Release|Any CPU
		{FE288351-0247-4991-9C78-8AD10F9440B7}.Release|Any CPU.Build.0 = Release|Any CPU
		{2CB959D1-48F7-4F66-B114-751249CBDEBE}.Debug|Any CPU.ActiveCfg = Debug|Any CPU
		{2CB959D1-48F7-4F66-B114-751249CBDEBE}.Debug|Any CPU.Build.0 = Debug|Any CPU
		{2CB959D1-48F7-4F66-B114-751249CBDEBE}.Release|Any CPU.ActiveCfg = Release|Any CPU
		{2CB959D1-48F7-4F66-B114-751249CBDEBE}.Release|Any CPU.Build.0 = Release|Any CPU
	EndGlobalSection
	GlobalSection(SolutionProperties) = preSolution
		HideSolutionNode = FALSE
	EndGlobalSection
	GlobalSection(ExtensibilityGlobals) = postSolution
		SolutionGuid = {65259789-D861-4932-8C1C-28C243FD75B3}
	EndGlobalSection
EndGlobal
